
Microsoft Visual Studio Solution File, Format Version 12.00
# Visual Studio 15
VisualStudioVersion = 15.0.26730.16
MinimumVisualStudioVersion = 10.0.40219.1
Project("{FAE04EC0-301F-11D3-BF4B-00C04F79EFBC}") = "TestAzureBlockChainWriteConsole", "TestAzureBlockChainWriteConsole\TestAzureBlockChainWriteConsole.csproj", "{73B155AC-E052-42DA-A7FB-B2E864CEB16B}"
EndProject
Global
	GlobalSection(SolutionConfigurationPlatforms) = preSolution
		Debug|Any CPU = Debug|Any CPU
		Release|Any CPU = Release|Any CPU
	EndGlobalSection
	GlobalSection(ProjectConfigurationPlatforms) = postSolution
		{73B155AC-E052-42DA-A7FB-B2E864CEB16B}.Debug|Any CPU.ActiveCfg = Debug|Any CPU
		{73B155AC-E052-42DA-A7FB-B2E864CEB16B}.Debug|Any CPU.Build.0 = Debug|Any CPU
		{73B155AC-E052-42DA-A7FB-B2E864CEB16B}.Release|Any CPU.ActiveCfg = Release|Any CPU
		{73B155AC-E052-42DA-A7FB-B2E864CEB16B}.Release|Any CPU.Build.0 = Release|Any CPU
	EndGlobalSection
	GlobalSection(SolutionProperties) = preSolution
		HideSolutionNode = FALSE
	EndGlobalSection
	GlobalSection(ExtensibilityGlobals) = postSolution
		SolutionGuid = {8199AC62-5640-4675-8B96-B25E5FF326C9}
	EndGlobalSection
EndGlobal
